{
  "requires": true,
  "lockfileVersion": 1,
  "dependencies": {
    "emailjs": {
      "version": "3.7.0",
      "resolved": "https://registry.npmjs.org/emailjs/-/emailjs-3.7.0.tgz",
      "integrity": "sha512-eLHvGdSaLyn2su51y5BJqdKVxVK77kyW/oesw5lQk7fDIANYqi9LEF7zhw2Rf/vN0t8QAdAy30Ju/SCi8HHuTg=="
    }
  }
}
